// !$*UTF8*$!
{
	archiveVersion = 1;
	classes = {
	};
	objectVersion = 46;
	objects = {

/* Begin PBXBuildFile section */
		989E69031CF321A500EC84A2 /* main.m in Sources */ = {isa = PBXBuildFile; fileRef = 989E69021CF321A500EC84A2 /* main.m */; };
		989E69061CF321A500EC84A2 /* AppDelegate.m in Sources */ = {isa = PBXBuildFile; fileRef = 989E69051CF321A500EC84A2 /* AppDelegate.m */; };
		989E69091CF321A500EC84A2 /* ViewController.m in Sources */ = {isa = PBXBuildFile; fileRef = 989E69081CF321A500EC84A2 /* ViewController.m */; };
		989E690C1CF321A500EC84A2 /* Main.storyboard in Resources */ = {isa = PBXBuildFile; fileRef = 989E690A1CF321A500EC84A2 /* Main.storyboard */; };
		989E690E1CF321A500EC84A2 /* Assets.xcassets in Resources */ = {isa = PBXBuildFile; fileRef = 989E690D1CF321A500EC84A2 /* Assets.xcassets */; };
		989E69111CF321A600EC84A2 /* LaunchScreen.storyboard in Resources */ = {isa = PBXBuildFile; fileRef = 989E690F1CF321A600EC84A2 /* LaunchScreen.storyboard */; };
		98B6DCEE1CF403AC00260BF6 /* WZYStack.m in Sources */ = {isa = PBXBuildFile; fileRef = 98B6DCED1CF403AC00260BF6 /* WZYStack.m */; };
		98EDF35A1CF330C200FC3304 /* WZYStackForQuickTests.m in Sources */ = {isa = PBXBuildFile; fileRef = 98EDF3591CF330C200FC3304 /* WZYStackForQuickTests.m */; };
		98EDF3621CF3FF6500FC3304 /* WZYStackSpec.m in Sources */ = {isa = PBXBuildFile; fileRef = 98EDF3611CF3FF6500FC3304 /* WZYStackSpec.m */; };
		98EDF3651CF3FF8700FC3304 /* Nimble.framework in Frameworks */ = {isa = PBXBuildFile; fileRef = 98EDF3631CF3FF8700FC3304 /* Nimble.framework */; };
		98EDF3661CF3FF8700FC3304 /* Quick.framework in Frameworks */ = {isa = PBXBuildFile; fileRef = 98EDF3641CF3FF8700FC3304 /* Quick.framework */; };
		DBB1A9F231E815702AD2BB06 /* Pods_WZYStackForQuick.framework in Frameworks */ = {isa = PBXBuildFile; fileRef = 4AA3CB61FABE2C993EC30FD4 /* Pods_WZYStackForQuick.framework */; };
/* End PBXBuildFile section */

/* Begin PBXContainerItemProxy section */
		98EDF35C1CF330C200FC3304 /* PBXContainerItemProxy */ = {
			isa = PBXContainerItemProxy;
			containerPortal = 989E68F61CF321A500EC84A2 /* Project object */;
			proxyType = 1;
			remoteGlobalIDString = 989E68FD1CF321A500EC84A2;
			remoteInfo = WZYStackForQuick;
		};
/* End PBXContainerItemProxy section */

/* Begin PBXFileReference section */
		4AA3CB61FABE2C993EC30FD4 /* Pods_WZYStackForQuick.framework */ = {isa = PBXFileReference; explicitFileType = wrapper.framework; includeInIndex = 0; path = Pods_WZYStackForQuick.framework; sourceTree = BUILT_PRODUCTS_DIR; };
		7B14DA6E37108119EED970F0 /* Pods-WZYStackForQuick.release.xcconfig */ = {isa = PBXFileReference; includeInIndex = 1; lastKnownFileType = text.xcconfig; name = "Pods-WZYStackForQuick.release.xcconfig"; path = "Pods/Target Support Files/Pods-WZYStackForQuick/Pods-WZYStackForQuick.release.xcconfig"; sourceTree = "<group>"; };
		90716E5F44F40DB0B1BE857C /* Pods-WZYStackForQuick.debug.xcconfig */ = {isa = PBXFileReference; includeInIndex = 1; lastKnownFileType = text.xcconfig; name = "Pods-WZYStackForQuick.debug.xcconfig"; path = "Pods/Target Support Files/Pods-WZYStackForQuick/Pods-WZYStackForQuick.debug.xcconfig"; sourceTree = "<group>"; };
		989E68FE1CF321A500EC84A2 /* WZYStackForQuick.app */ = {isa = PBXFileReference; explicitFileType = wrapper.application; includeInIndex = 0; path = WZYStackForQuick.app; sourceTree = BUILT_PRODUCTS_DIR; };
		989E69021CF321A500EC84A2 /* main.m */ = {isa = PBXFileReference; lastKnownFileType = sourcecode.c.objc; path = main.m; sourceTree = "<group>"; };
		989E69041CF321A500EC84A2 /* AppDelegate.h */ = {isa = PBXFileReference; lastKnownFileType = sourcecode.c.h; path = AppDelegate.h; sourceTree = "<group>"; };
		989E69051CF321A500EC84A2 /* AppDelegate.m */ = {isa = PBXFileReference; lastKnownFileType = sourcecode.c.objc; path = AppDelegate.m; sourceTree = "<group>"; };
		989E69071CF321A500EC84A2 /* ViewController.h */ = {isa = PBXFileReference; lastKnownFileType = sourcecode.c.h; path = ViewController.h; sourceTree = "<group>"; };
		989E69081CF321A500EC84A2 /* ViewController.m */ = {isa = PBXFileReference; lastKnownFileType = sourcecode.c.objc; path = ViewController.m; sourceTree = "<group>"; };
		989E690B1CF321A500EC84A2 /* Base */ = {isa = PBXFileReference; lastKnownFileType = file.storyboard; name = Base; path = Base.lproj/Main.storyboard; sourceTree = "<group>"; };
		989E690D1CF321A500EC84A2 /* Assets.xcassets */ = {isa = PBXFileReference; lastKnownFileType = folder.assetcatalog; path = Assets.xcassets; sourceTree = "<group>"; };
		989E69101CF321A600EC84A2 /* Base */ = {isa = PBXFileReference; lastKnownFileType = file.storyboard; name = Base; path = Base.lproj/LaunchScreen.storyboard; sourceTree = "<group>"; };
		989E69121CF321A600EC84A2 /* Info.plist */ = {isa = PBXFileReference; lastKnownFileType = text.plist.xml; path = Info.plist; sourceTree = "<group>"; };
		98B6DCEC1CF403AC00260BF6 /* WZYStack.h */ = {isa = PBXFileReference; fileEncoding = 4; lastKnownFileType = sourcecode.c.h; path = WZYStack.h; sourceTree = "<group>"; };
		98B6DCED1CF403AC00260BF6 /* WZYStack.m */ = {isa = PBXFileReference; fileEncoding = 4; lastKnownFileType = sourcecode.c.objc; path = WZYStack.m; sourceTree = "<group>"; };
		98EDF3571CF330C200FC3304 /* WZYStackForQuickTests.xctest */ = {isa = PBXFileReference; explicitFileType = wrapper.cfbundle; includeInIndex = 0; path = WZYStackForQuickTests.xctest; sourceTree = BUILT_PRODUCTS_DIR; };
		98EDF3591CF330C200FC3304 /* WZYStackForQuickTests.m */ = {isa = PBXFileReference; lastKnownFileType = sourcecode.c.objc; path = WZYStackForQuickTests.m; sourceTree = "<group>"; };
		98EDF35B1CF330C200FC3304 /* Info.plist */ = {isa = PBXFileReference; lastKnownFileType = text.plist.xml; path = Info.plist; sourceTree = "<group>"; };
		98EDF3611CF3FF6500FC3304 /* WZYStackSpec.m */ = {isa = PBXFileReference; fileEncoding = 4; lastKnownFileType = sourcecode.c.objc; path = WZYStackSpec.m; sourceTree = "<group>"; };
		98EDF3631CF3FF8700FC3304 /* Nimble.framework */ = {isa = PBXFileReference; lastKnownFileType = wrapper.framework; name = Nimble.framework; path = "../Library/Developer/Xcode/DerivedData/WZYStackForQuick-exygvrigmnxtkxduwcaqralfewyu/Build/Products/Debug-iphonesimulator/Nimble/Nimble.framework"; sourceTree = "<group>"; };
		98EDF3641CF3FF8700FC3304 /* Quick.framework */ = {isa = PBXFileReference; lastKnownFileType = wrapper.framework; name = Quick.framework; path = "../Library/Developer/Xcode/DerivedData/WZYStackForQuick-exygvrigmnxtkxduwcaqralfewyu/Build/Products/Debug-iphonesimulator/Quick/Quick.framework"; sourceTree = "<group>"; };
/* End PBXFileReference section */

/* Begin PBXFrameworksBuildPhase section */
		989E68FB1CF321A500EC84A2 /* Frameworks */ = {
			isa = PBXFrameworksBuildPhase;
			buildActionMask = 2147483647;
			files = (
				98EDF3651CF3FF8700FC3304 /* Nimble.framework in Frameworks */,
				98EDF3661CF3FF8700FC3304 /* Quick.framework in Frameworks */,
				DBB1A9F231E815702AD2BB06 /* Pods_WZYStackForQuick.framework in Frameworks */,
			);
			runOnlyForDeploymentPostprocessing = 0;
		};
		98EDF3541CF330C200FC3304 /* Frameworks */ = {
			isa = PBXFrameworksBuildPhase;
			buildActionMask = 2147483647;
			files = (
			);
			runOnlyForDeploymentPostprocessing = 0;
		};
/* End PBXFrameworksBuildPhase section */

/* Begin PBXGroup section */
		668F9AAB4F84FA39CCA66776 /* Pods */ = {
			isa = PBXGroup;
			children = (
				90716E5F44F40DB0B1BE857C /* Pods-WZYStackForQuick.debug.xcconfig */,
				7B14DA6E37108119EED970F0 /* Pods-WZYStackForQuick.release.xcconfig */,
			);
			name = Pods;
			sourceTree = "<group>";
		};
		8A48305295F27C801717782C /* Frameworks */ = {
			isa = PBXGroup;
			children = (
				98EDF3631CF3FF8700FC3304 /* Nimble.framework */,
				98EDF3641CF3FF8700FC3304 /* Quick.framework */,
				4AA3CB61FABE2C993EC30FD4 /* Pods_WZYStackForQuick.framework */,
			);
			name = Frameworks;
			sourceTree = "<group>";
		};
		989E68F51CF321A500EC84A2 = {
			isa = PBXGroup;
			children = (
				989E69001CF321A500EC84A2 /* WZYStackForQuick */,
				98EDF3581CF330C200FC3304 /* WZYStackForQuickTests */,
				989E68FF1CF321A500EC84A2 /* Products */,
				668F9AAB4F84FA39CCA66776 /* Pods */,
				8A48305295F27C801717782C /* Frameworks */,
			);
			sourceTree = "<group>";
		};
		989E68FF1CF321A500EC84A2 /* Products */ = {
			isa = PBXGroup;
			children = (
				989E68FE1CF321A500EC84A2 /* WZYStackForQuick.app */,
				98EDF3571CF330C200FC3304 /* WZYStackForQuickTests.xctest */,
			);
			name = Products;
			sourceTree = "<group>";
		};
		989E69001CF321A500EC84A2 /* WZYStackForQuick */ = {
			isa = PBXGroup;
			children = (
				989E69041CF321A500EC84A2 /* AppDelegate.h */,
				989E69051CF321A500EC84A2 /* AppDelegate.m */,
				989E69071CF321A500EC84A2 /* ViewController.h */,
				989E69081CF321A500EC84A2 /* ViewController.m */,
				989E690A1CF321A500EC84A2 /* Main.storyboard */,
				989E690D1CF321A500EC84A2 /* Assets.xcassets */,
				989E690F1CF321A600EC84A2 /* LaunchScreen.storyboard */,
				989E69121CF321A600EC84A2 /* Info.plist */,
				989E69011CF321A500EC84A2 /* Supporting Files */,
				98B6DCEC1CF403AC00260BF6 /* WZYStack.h */,
				98B6DCED1CF403AC00260BF6 /* WZYStack.m */,
			);
			path = WZYStackForQuick;
			sourceTree = "<group>";
		};
		989E69011CF321A500EC84A2 /* Supporting Files */ = {
			isa = PBXGroup;
			children = (
				989E69021CF321A500EC84A2 /* main.m */,
			);
			name = "Supporting Files";
			sourceTree = "<group>";
		};
		98EDF3581CF330C200FC3304 /* WZYStackForQuickTests */ = {
			isa = PBXGroup;
			children = (
				98EDF3591CF330C200FC3304 /* WZYStackForQuickTests.m */,
				98EDF3611CF3FF6500FC3304 /* WZYStackSpec.m */,
				98EDF35B1CF330C200FC3304 /* Info.plist */,
			);
			path = WZYStackForQuickTests;
			sourceTree = "<group>";
		};
/* End PBXGroup section */

/* Begin PBXNativeTarget section */
		989E68FD1CF321A500EC84A2 /* WZYStackForQuick */ = {
			isa = PBXNativeTarget;
			buildConfigurationList = 989E69151CF321A600EC84A2 /* Build configuration list for PBXNativeTarget "WZYStackForQuick" */;
			buildPhases = (
				6441ACD8CF3A5D25B24EDE9B /* 📦 Check Pods Manifest.lock */,
				989E68FA1CF321A500EC84A2 /* Sources */,
				989E68FB1CF321A500EC84A2 /* Frameworks */,
				989E68FC1CF321A500EC84A2 /* Resources */,
				DFF49E3FA526E6BC29D144C6 /* 📦 Embed Pods Frameworks */,
				9DAADA6533FB7B8E2BABBF91 /* 📦 Copy Pods Resources */,
			);
			buildRules = (
			);
			dependencies = (
			);
			name = WZYStackForQuick;
			productName = WZYStackForQuick;
			productReference = 989E68FE1CF321A500EC84A2 /* WZYStackForQuick.app */;
			productType = "com.apple.product-type.application";
		};
		98EDF3561CF330C200FC3304 /* WZYStackForQuickTests */ = {
			isa = PBXNativeTarget;
			buildConfigurationList = 98EDF35E1CF330C200FC3304 /* Build configuration list for PBXNativeTarget "WZYStackForQuickTests" */;
			buildPhases = (
				98EDF3531CF330C200FC3304 /* Sources */,
				98EDF3541CF330C200FC3304 /* Frameworks */,
				98EDF3551CF330C200FC3304 /* Resources */,
			);
			buildRules = (
			);
			dependencies = (
				98EDF35D1CF330C200FC3304 /* PBXTargetDependency */,
			);
			name = WZYStackForQuickTests;
			productName = WZYStackForQuickTests;
			productReference = 98EDF3571CF330C200FC3304 /* WZYStackForQuickTests.xctest */;
			productType = "com.apple.product-type.bundle.unit-test";
		};
/* End PBXNativeTarget section */

/* Begin PBXProject section */
		989E68F61CF321A500EC84A2 /* Project object */ = {
			isa = PBXProject;
			attributes = {
				LastUpgradeCheck = 0730;
				ORGANIZATIONNAME = Hemster;
				TargetAttributes = {
					989E68FD1CF321A500EC84A2 = {
						CreatedOnToolsVersion = 7.3.1;
					};
					98EDF3561CF330C200FC3304 = {
						CreatedOnToolsVersion = 7.3.1;
						TestTargetID = 989E68FD1CF321A500EC84A2;
					};
				};
			};
			buildConfigurationList = 989E68F91CF321A500EC84A2 /* Build configuration list for PBXProject "WZYStackForQuick" */;
			compatibilityVersion = "Xcode 3.2";
			developmentRegion = English;
			hasScannedForEncodings = 0;
			knownRegions = (
				en,
				Base,
			);
			mainGroup = 989E68F51CF321A500EC84A2;
			productRefGroup = 989E68FF1CF321A500EC84A2 /* Products */;
			projectDirPath = "";
			projectRoot = "";
			targets = (
				989E68FD1CF321A500EC84A2 /* WZYStackForQuick */,
				98EDF3561CF330C200FC3304 /* WZYStackForQuickTests */,
			);
		};
/* End PBXProject section */

/* Begin PBXResourcesBuildPhase section */
		989E68FC1CF321A500EC84A2 /* Resources */ = {
			isa = PBXResourcesBuildPhase;
			buildActionMask = 2147483647;
			files = (
				989E69111CF321A600EC84A2 /* LaunchScreen.storyboard in Resources */,
				989E690E1CF321A500EC84A2 /* Assets.xcassets in Resources */,
				989E690C1CF321A500EC84A2 /* Main.storyboard in Resources */,
			);
			runOnlyForDeploymentPostprocessing = 0;
		};
		98EDF3551CF330C200FC3304 /* Resources */ = {
			isa = PBXResourcesBuildPhase;
			buildActionMask = 2147483647;
			files = (
			);
			runOnlyForDeploymentPostprocessing = 0;
		};
/* End PBXResourcesBuildPhase section */

/* Begin PBXShellScriptBuildPhase section */
		6441ACD8CF3A5D25B24EDE9B /* 📦 Check Pods Manifest.lock */ = {
			isa = PBXShellScriptBuildPhase;
			buildActionMask = 2147483647;
			files = (
			);
			inputPaths = (
			);
			name = "📦 Check Pods Manifest.lock";
			outputPaths = (
			);
			runOnlyForDeploymentPostprocessing = 0;
			shellPath = /bin/sh;
			shellScript = "diff \"${PODS_ROOT}/../Podfile.lock\" \"${PODS_ROOT}/Manifest.lock\" > /dev/null\nif [[ $? != 0 ]] ; then\n    cat << EOM\nerror: The sandbox is not in sync with the Podfile.lock. Run 'pod install' or update your CocoaPods installation.\nEOM\n    exit 1\nfi\n";
			showEnvVarsInLog = 0;
		};
		9DAADA6533FB7B8E2BABBF91 /* 📦 Copy Pods Resources */ = {
			isa = PBXShellScriptBuildPhase;
			buildActionMask = 2147483647;
			files = (
			);
			inputPaths = (
			);
			name = "📦 Copy Pods Resources";
			outputPaths = (
			);
			runOnlyForDeploymentPostprocessing = 0;
			shellPath = /bin/sh;
			shellScript = "\"${SRCROOT}/Pods/Target Support Files/Pods-WZYStackForQuick/Pods-WZYStackForQuick-resources.sh\"\n";
			showEnvVarsInLog = 0;
		};
		DFF49E3FA526E6BC29D144C6 /* 📦 Embed Pods Frameworks */ = {
			isa = PBXShellScriptBuildPhase;
			buildActionMask = 2147483647;
			files = (
			);
			inputPaths = (
			);
			name = "📦 Embed Pods Frameworks";
			outputPaths = (
			);
			runOnlyForDeploymentPostprocessing = 0;
			shellPath = /bin/sh;
			shellScript = "\"${SRCROOT}/Pods/Target Support Files/Pods-WZYStackForQuick/Pods-WZYStackForQuick-frameworks.sh\"\n";
			showEnvVarsInLog = 0;
		};
/* End PBXShellScriptBuildPhase section */

/* Begin PBXSourcesBuildPhase section */
		989E68FA1CF321A500EC84A2 /* Sources */ = {
			isa = PBXSourcesBuildPhase;
			buildActionMask = 2147483647;
			files = (
				989E69091CF321A500EC84A2 /* ViewController.m in Sources */,
				98B6DCEE1CF403AC00260BF6 /* WZYStack.m in Sources */,
				989E69061CF321A500EC84A2 /* AppDelegate.m in Sources */,
				989E69031CF321A500EC84A2 /* main.m in Sources */,
			);
			runOnlyForDeploymentPostprocessing = 0;
		};
		98EDF3531CF330C200FC3304 /* Sources */ = {
			isa = PBXSourcesBuildPhase;
			buildActionMask = 2147483647;
			files = (
				98EDF3621CF3FF6500FC3304 /* WZYStackSpec.m in Sources */,
				98EDF35A1CF330C200FC3304 /* WZYStackForQuickTests.m in Sources */,
			);
			runOnlyForDeploymentPostprocessing = 0;
		};
/* End PBXSourcesBuildPhase section */

/* Begin PBXTargetDependency section */
		98EDF35D1CF330C200FC3304 /* PBXTargetDependency */ = {
			isa = PBXTargetDependency;
			target = 989E68FD1CF321A500EC84A2 /* WZYStackForQuick */;
			targetProxy = 98EDF35C1CF330C200FC3304 /* PBXContainerItemProxy */;
		};
/* End PBXTargetDependency section */

/* Begin PBXVariantGroup section */
		989E690A1CF321A500EC84A2 /* Main.storyboard */ = {
			isa = PBXVariantGroup;
			children = (
				989E690B1CF321A500EC84A2 /* Base */,
			);
			name = Main.storyboard;
			sourceTree = "<group>";
		};
		989E690F1CF321A600EC84A2 /* LaunchScreen.storyboard */ = {
			isa = PBXVariantGroup;
			children = (
				989E69101CF321A600EC84A2 /* Base */,
			);
			name = LaunchScreen.storyboard;
			sourceTree = "<group>";
		};
/* End PBXVariantGroup section */

/* Begin XCBuildConfiguration section */
		989E69131CF321A600EC84A2 /* Debug */ = {
			isa = XCBuildConfiguration;
			buildSettings = {
				ALWAYS_SEARCH_USER_PATHS = NO;
				CLANG_ANALYZER_NONNULL = YES;
				CLANG_CXX_LANGUAGE_STANDARD = "gnu++0x";
				CLANG_CXX_LIBRARY = "libc++";
				CLANG_ENABLE_MODULES = YES;
				CLANG_ENABLE_OBJC_ARC = YES;
				CLANG_WARN_BOOL_CONVERSION = YES;
				CLANG_WARN_CONSTANT_CONVERSION = YES;
				CLANG_WARN_DIRECT_OBJC_ISA_USAGE = YES_ERROR;
				CLANG_WARN_EMPTY_BODY = YES;
				CLANG_WARN_ENUM_CONVERSION = YES;
				CLANG_WARN_INT_CONVERSION = YES;
				CLANG_WARN_OBJC_ROOT_CLASS = YES_ERROR;
				CLANG_WARN_UNREACHABLE_CODE = YES;
				CLANG_WARN__DUPLICATE_METHOD_MATCH = YES;
				"CODE_SIGN_IDENTITY[sdk=iphoneos*]" = "iPhone Developer";
				COPY_PHASE_STRIP = NO;
				DEBUG_INFORMATION_FORMAT = dwarf;
				DEFINES_MODULE = YES;
				ENABLE_STRICT_OBJC_MSGSEND = YES;
				ENABLE_TESTABILITY = YES;
				GCC_C_LANGUAGE_STANDARD = gnu99;
				GCC_DYNAMIC_NO_PIC = NO;
				GCC_NO_COMMON_BLOCKS = YES;
				GCC_OPTIMIZATION_LEVEL = 0;
				GCC_PREPROCESSOR_DEFINITIONS = (
					"DEBUG=1",
					"$(inherited)",
				);
				GCC_WARN_64_TO_32_BIT_CONVERSION = YES;
				GCC_WARN_ABOUT_RETURN_TYPE = YES_ERROR;
				GCC_WARN_UNDECLARED_SELECTOR = YES;
				GCC_WARN_UNINITIALIZED_AUTOS = YES_AGGRESSIVE;
				GCC_WARN_UNUSED_FUNCTION = YES;
				GCC_WARN_UNUSED_VARIABLE = YES;
				IPHONEOS_DEPLOYMENT_TARGET = 9.3;
				MTL_ENABLE_DEBUG_INFO = YES;
				ONLY_ACTIVE_ARCH = YES;
				SDKROOT = iphoneos;
			};
			name = Debug;
		};
		989E69141CF321A600EC84A2 /* Release */ = {
			isa = XCBuildConfiguration;
			buildSettings = {
				ALWAYS_SEARCH_USER_PATHS = NO;
				CLANG_ANALYZER_NONNULL = YES;
				CLANG_CXX_LANGUAGE_STANDARD = "gnu++0x";
				CLANG_CXX_LIBRARY = "libc++";
				CLANG_ENABLE_MODULES = YES;
				CLANG_ENABLE_OBJC_ARC = YES;
				CLANG_WARN_BOOL_CONVERSION = YES;
				CLANG_WARN_CONSTANT_CONVERSION = YES;
				CLANG_WARN_DIRECT_OBJC_ISA_USAGE = YES_ERROR;
				CLANG_WARN_EMPTY_BODY = YES;
				CLANG_WARN_ENUM_CONVERSION = YES;
				CLANG_WARN_INT_CONVERSION = YES;
				CLANG_WARN_OBJC_ROOT_CLASS = YES_ERROR;
				CLANG_WARN_UNREACHABLE_CODE = YES;
				CLANG_WARN__DUPLICATE_METHOD_MATCH = YES;
				"CODE_SIGN_IDENTITY[sdk=iphoneos*]" = "iPhone Developer";
				COPY_PHASE_STRIP = NO;
				DEBUG_INFORMATION_FORMAT = "dwarf-with-dsym";
				DEFINES_MODULE = YES;
				ENABLE_NS_ASSERTIONS = NO;
				ENABLE_STRICT_OBJC_MSGSEND = YES;
				GCC_C_LANGUAGE_STANDARD = gnu99;
				GCC_NO_COMMON_BLOCKS = YES;
				GCC_WARN_64_TO_32_BIT_CONVERSION = YES;
				GCC_WARN_ABOUT_RETURN_TYPE = YES_ERROR;
				GCC_WARN_UNDECLARED_SELECTOR = YES;
				GCC_WARN_UNINITIALIZED_AUTOS = YES_AGGRESSIVE;
				GCC_WARN_UNUSED_FUNCTION = YES;
				GCC_WARN_UNUSED_VARIABLE = YES;
				IPHONEOS_DEPLOYMENT_TARGET = 9.3;
				MTL_ENABLE_DEBUG_INFO = NO;
				SDKROOT = iphoneos;
				VALIDATE_PRODUCT = YES;
			};
			name = Release;
		};
		989E69161CF321A600EC84A2 /* Debug */ = {
			isa = XCBuildConfiguration;
			baseConfigurationReference = 90716E5F44F40DB0B1BE857C /* Pods-WZYStackForQuick.debug.xcconfig */;
			buildSettings = {
				ASSETCATALOG_COMPILER_APPICON_NAME = AppIcon;
				INFOPLIST_FILE = WZYStackForQuick/Info.plist;
				LD_RUNPATH_SEARCH_PATHS = "$(inherited) @executable_path/Frameworks";
				PRODUCT_BUNDLE_IDENTIFIER = com.Andrew.BDD.WZYStackForQuick;
				PRODUCT_NAME = "$(TARGET_NAME)";
			};
			name = Debug;
		};
		989E69171CF321A600EC84A2 /* Release */ = {
			isa = XCBuildConfiguration;
			baseConfigurationReference = 7B14DA6E37108119EED970F0 /* Pods-WZYStackForQuick.release.xcconfig */;
			buildSettings = {
				ASSETCATALOG_COMPILER_APPICON_NAME = AppIcon;
				INFOPLIST_FILE = WZYStackForQuick/Info.plist;
				LD_RUNPATH_SEARCH_PATHS = "$(inherited) @executable_path/Frameworks";
				PRODUCT_BUNDLE_IDENTIFIER = com.Andrew.BDD.WZYStackForQuick;
				PRODUCT_NAME = "$(TARGET_NAME)";
			};
			name = Release;
		};
		98EDF35F1CF330C200FC3304 /* Debug */ = {
			isa = XCBuildConfiguration;
			baseConfigurationReference = 90716E5F44F40DB0B1BE857C /* Pods-WZYStackForQuick.debug.xcconfig */;
			buildSettings = {
				BUNDLE_LOADER = "$(TEST_HOST)";
				INFOPLIST_FILE = WZYStackForQuickTests/Info.plist;
				LD_RUNPATH_SEARCH_PATHS = "$(inherited) @executable_path/Frameworks @loader_path/Frameworks";
				PRODUCT_BUNDLE_IDENTIFIER = com.Andrew.BDD.WZYStackForQuickTests;
				PRODUCT_NAME = "$(TARGET_NAME)";
				TEST_HOST = "$(BUILT_PRODUCTS_DIR)/WZYStackForQuick.app/WZYStackForQuick";
			};
			name = Debug;
		};
		98EDF3601CF330C200FC3304 /* Release */ = {
			isa = XCBuildConfiguration;
			baseConfigurationReference = 7B14DA6E37108119EED970F0 /* Pods-WZYStackForQuick.release.xcconfig */;
			buildSettings = {
				BUNDLE_LOADER = "$(TEST_HOST)";
				INFOPLIST_FILE = WZYStackForQuickTests/Info.plist;
				LD_RUNPATH_SEARCH_PATHS = "$(inherited) @executable_path/Frameworks @loader_path/Frameworks";
				PRODUCT_BUNDLE_IDENTIFIER = com.Andrew.BDD.WZYStackForQuickTests;
				PRODUCT_NAME = "$(TARGET_NAME)";
				TEST_HOST = "$(BUILT_PRODUCTS_DIR)/WZYStackForQuick.app/WZYStackForQuick";
			};
			name = Release;
		};
/* End XCBuildConfiguration section */

/* Begin XCConfigurationList section */
		989E68F91CF321A500EC84A2 /* Build configuration list for PBXProject "WZYStackForQuick" */ = {
			isa = XCConfigurationList;
			buildConfigurations = (
				989E69131CF321A600EC84A2 /* Debug */,
				989E69141CF321A600EC84A2 /* Release */,
			);
			defaultConfigurationIsVisible = 0;
			defaultConfigurationName = Release;
		};
		989E69151CF321A600EC84A2 /* Build configuration list for PBXNativeTarget "WZYStackForQuick" */ = {
			isa = XCConfigurationList;
			buildConfigurations = (
				989E69161CF321A600EC84A2 /* Debug */,
				989E69171CF321A600EC84A2 /* Release */,
			);
			defaultConfigurationIsVisible = 0;
			defaultConfigurationName = Release;
		};
		98EDF35E1CF330C200FC3304 /* Build configuration list for PBXNativeTarget "WZYStackForQuickTests" */ = {
			isa = XCConfigurationList;
			buildConfigurations = (
				98EDF35F1CF330C200FC3304 /* Debug */,
				98EDF3601CF330C200FC3304 /* Release */,
			);
			defaultConfigurationIsVisible = 0;
			defaultConfigurationName = Release;
		};
/* End XCConfigurationList section */
	};
	rootObject = 989E68F61CF321A500EC84A2 /* Project object */;
}
